{
  "requires": true,
  "lockfileVersion": 1,
  "dependencies": {
    "svg-pan-zoom": {
      "version": "3.5.3",
      "resolved": "https://registry.npmjs.org/svg-pan-zoom/-/svg-pan-zoom-3.5.3.tgz",
      "integrity": "sha512-jlHEOXRW4IF0W2e2DTk+hjKPKassF4TpJSSC7ilHJoZHX9hthFzU63WhluEwzSbTQF4akrWcjmbWxiCoGPa6PA=="
    }
  }
}
