{
  "requires": true,
  "lockfileVersion": 1,
  "dependencies": {
    "address": {
      "version": "0.0.3",
      "resolved": "https://registry.npmjs.org/address/-/address-0.0.3.tgz",
      "integrity": "sha1-gcc0Rsj18IdY/17eXPq3Tk00jxY="
    },
    "algorithmjs": {
      "version": "1.0.0",
      "resolved": "https://registry.npmjs.org/algorithmjs/-/algorithmjs-1.0.0.tgz",
      "integrity": "sha1-WGpD6bXFBr/AQc3Uy3Mcegiv+eQ="
    },
    "ascli": {
      "version": "1.0.1",
      "resolved": "https://registry.npmjs.org/ascli/-/ascli-1.0.1.tgz",
      "integrity": "sha1-vPpZdKYvGOgcq660lzKrSoj5Brw=",
      "requires": {
        "colour": "0.7.1",
        "optjs": "3.2.2"
      }
    },
    "async": {
      "version": "2.6.0",
      "resolved": "https://registry.npmjs.org/async/-/async-2.6.0.tgz",
      "integrity": "sha512-xAfGg1/NTLBBKlHFmnd7PlmUW9KhVQIUuSrYem9xzFUZy13ScvtyGGejaae9iAVRiRq9+Cx7DPFaAAhCpyxyPw==",
      "requires": {
        "lodash": "4.17.4"
      }
    },
    "bytebuffer": {
      "version": "2.3.2",
      "resolved": "https://registry.npmjs.org/bytebuffer/-/bytebuffer-2.3.2.tgz",
      "integrity": "sha1-QQRhI7Vrvoxr7GxlIkSqcWnyekQ=",
      "requires": {
        "long": "1.1.5"
      }
    },
    "colour": {
      "version": "0.7.1",
      "resolved": "https://registry.npmjs.org/colour/-/colour-0.7.1.tgz",
      "integrity": "sha1-nLFpkX7F0SwHNtPoaFdG3xyt93g="
    },
    "core-util-is": {
      "version": "1.0.2",
      "resolved": "https://registry.npmjs.org/core-util-is/-/core-util-is-1.0.2.tgz",
      "integrity": "sha1-tf1UIgqivFq1eqtxQMlAdUUDwac="
    },
    "debug": {
      "version": "1.0.5",
      "resolved": "https://registry.npmjs.org/debug/-/debug-1.0.5.tgz",
      "integrity": "sha1-9yQSF0MPmd7EwrRz6rkiKOh0wqw=",
      "requires": {
        "ms": "2.0.0"
      }
    },
    "debuglog": {
      "version": "0.0.2",
      "resolved": "https://registry.npmjs.org/debuglog/-/debuglog-0.0.2.tgz",
      "integrity": "sha1-bA3PB+LD90UkYpt0Fmi9RsezYus="
    },
    "eventproxy": {
      "version": "0.3.5",
      "resolved": "https://registry.npmjs.org/eventproxy/-/eventproxy-0.3.5.tgz",
      "integrity": "sha1-TbMpDcvFHPBny7Z1LjxAtdkXIS8=",
      "requires": {
        "debug": "2.2.0"
      },
      "dependencies": {
        "debug": {
          "version": "2.2.0",
          "resolved": "https://registry.npmjs.org/debug/-/debug-2.2.0.tgz",
          "integrity": "sha1-+HBX6ZWxofauaklgZkE3vFbwOdo=",
          "requires": {
            "ms": "0.7.1"
          }
        },
        "ms": {
          "version": "0.7.1",
          "resolved": "https://registry.npmjs.org/ms/-/ms-0.7.1.tgz",
          "integrity": "sha1-nNE8A62/8ltl7/3nzoZO6VIBcJg="
        }
      }
    },
    "hbase-client": {
      "version": "1.6.1",
      "resolved": "https://registry.npmjs.org/hbase-client/-/hbase-client-1.6.1.tgz",
      "integrity": "sha512-YxX5Gr6n+BJD2wG28BPbjMZCvMpTfpbTnO+LPG7hcPuqVNEHnzCFF/+UYdBVtp4cGTV9oQiNQjWzF415eFwsPA==",
      "requires": {
        "algorithmjs": "1.0.0",
        "async": "2.6.0",
        "debug": "1.0.5",
        "eventproxy": "0.3.5",
        "long": "1.1.5",
        "readable-stream": "1.1.11",
        "utility": "0.1.16",
        "zookeeper-watcher": "0.2.3"
      }
    },
    "hbase-rpc-client": {
      "version": "0.1.14",
      "resolved": "https://registry.npmjs.org/hbase-rpc-client/-/hbase-rpc-client-0.1.14.tgz",
      "integrity": "sha512-4EgAbngu4VzgSzsdCF5eKVn1s2Mmv26m+BI3+F+DlcHPlrA9qfSF9foEy/wjJGSOR/ulVgrVhMtlrVCaU4M9pw==",
      "requires": {
        "async": "1.5.2",
        "bytebuffer": "2.3.2",
        "debug": "2.6.9",
        "protobufjs": "2.2.1",
        "readable-stream": "2.3.3",
        "zookeeper-watcher": "1.0.2"
      },
      "dependencies": {
        "async": {
          "version": "1.5.2",
          "resolved": "https://registry.npmjs.org/async/-/async-1.5.2.tgz",
          "integrity": "sha1-7GphrlZIDAw8skHJVhjiCJL5Zyo="
        },
        "debug": {
          "version": "2.6.9",
          "resolved": "https://registry.npmjs.org/debug/-/debug-2.6.9.tgz",
          "integrity": "sha512-bC7ElrdJaJnPbAP+1EotYvqZsb3ecl5wi6Bfi6BJTUcNowp6cvspg0jXznRTKDjm/E7AdgFBVeAPVMNcKGsHMA==",
          "requires": {
            "ms": "2.0.0"
          }
        },
        "node-zookeeper-client": {
          "version": "0.2.2",
          "resolved": "https://registry.npmjs.org/node-zookeeper-client/-/node-zookeeper-client-0.2.2.tgz",
          "integrity": "sha1-CXvaAZme749gLOBotjJgAGnb9oU=",
          "requires": {
            "async": "0.2.10",
            "underscore": "1.4.4"
          },
          "dependencies": {
            "async": {
              "version": "0.2.10",
              "resolved": "https://registry.npmjs.org/async/-/async-0.2.10.tgz",
              "integrity": "sha1-trvgsGdLnXGXCMo43owjfLUmw9E="
            }
          }
        },
        "readable-stream": {
          "version": "2.3.3",
          "resolved": "https://registry.npmjs.org/readable-stream/-/readable-stream-2.3.3.tgz",
          "integrity": "sha512-m+qzzcn7KUxEmd1gMbchF+Y2eIUbieUaxkWtptyHywrX0rE8QEYqPC07Vuy4Wm32/xE16NcdBctb8S0Xe/5IeQ==",
          "requires": {
            "core-util-is": "1.0.2",
            "inherits": "2.0.3",
            "isarray": "1.0.0",
            "process-nextick-args": "1.0.7",
            "safe-buffer": "5.1.1",
            "string_decoder": "1.0.3",
            "util-deprecate": "1.0.2"
          }
        },
        "string_decoder": {
          "version": "1.0.3",
          "resolved": "https://registry.npmjs.org/string_decoder/-/string_decoder-1.0.3.tgz",
          "integrity": "sha512-4AH6Z5fzNNBcH+6XDMfA/BTt87skxqJlO0lAh3Dker5zThcAxG6mKz+iGu308UKoPPQ8Dcqx/4JhujzltRa+hQ==",
          "requires": {
            "safe-buffer": "5.1.1"
          }
        },
        "zookeeper-watcher": {
          "version": "1.0.2",
          "resolved": "https://registry.npmjs.org/zookeeper-watcher/-/zookeeper-watcher-1.0.2.tgz",
          "integrity": "sha1-vekGiMwt2ni5ibF9BY7YMXZGTWM=",
          "requires": {
            "debug": "2.6.9",
            "node-zookeeper-client": "0.2.2"
          }
        }
      }
    },
    "inherits": {
      "version": "2.0.3",
      "resolved": "https://registry.npmjs.org/inherits/-/inherits-2.0.3.tgz",
      "integrity": "sha1-Yzwsg+PaQqUC9SRmAiSA9CCCYd4="
    },
    "isarray": {
      "version": "1.0.0",
      "resolved": "https://registry.npmjs.org/isarray/-/isarray-1.0.0.tgz",
      "integrity": "sha1-u5NdSFgsuhaMBoNJV6VKPgcSTxE="
    },
    "lodash": {
      "version": "4.17.4",
      "resolved": "https://registry.npmjs.org/lodash/-/lodash-4.17.4.tgz",
      "integrity": "sha1-eCA6TRwyiuHYbcpkYONptX9AVa4="
    },
    "long": {
      "version": "1.1.5",
      "resolved": "https://registry.npmjs.org/long/-/long-1.1.5.tgz",
      "integrity": "sha1-tcLBCj2D7g7Aqv+z5OcR0B9gfpo="
    },
    "ms": {
      "version": "2.0.0",
      "resolved": "https://registry.npmjs.org/ms/-/ms-2.0.0.tgz",
      "integrity": "sha1-VgiurfwAvmwpAd9fmGF4jeDVl8g="
    },
    "node-zookeeper-client": {
      "version": "0.2.0",
      "resolved": "https://registry.npmjs.org/node-zookeeper-client/-/node-zookeeper-client-0.2.0.tgz",
      "integrity": "sha1-9ErSfPDVox/jxuvAs/D2P0cxWmI=",
      "requires": {
        "async": "0.2.10",
        "underscore": "1.4.4"
      },
      "dependencies": {
        "async": {
          "version": "0.2.10",
          "resolved": "https://registry.npmjs.org/async/-/async-0.2.10.tgz",
          "integrity": "sha1-trvgsGdLnXGXCMo43owjfLUmw9E="
        }
      }
    },
    "optjs": {
      "version": "3.2.2",
      "resolved": "https://registry.npmjs.org/optjs/-/optjs-3.2.2.tgz",
      "integrity": "sha1-aabOicRCpEQDFBrS+bNwvVu29O4="
    },
    "process-nextick-args": {
      "version": "1.0.7",
      "resolved": "https://registry.npmjs.org/process-nextick-args/-/process-nextick-args-1.0.7.tgz",
      "integrity": "sha1-FQ4gt1ZZCtP5EJPyWk8q2L/zC6M="
    },
    "protobufjs": {
      "version": "2.2.1",
      "resolved": "https://registry.npmjs.org/protobufjs/-/protobufjs-2.2.1.tgz",
      "integrity": "sha1-ziLT9R9mhbjng6fXwulWraYUdJU=",
      "requires": {
        "ascli": "1.0.1",
        "bytebuffer": "2.3.2"
      }
    },
    "readable-stream": {
      "version": "1.1.11",
      "resolved": "https://registry.npmjs.org/readable-stream/-/readable-stream-1.1.11.tgz",
      "integrity": "sha1-dq4NiN8qw2xZ58IF4Mr8gcV7wH0=",
      "requires": {
        "core-util-is": "1.0.2",
        "debuglog": "0.0.2",
        "string_decoder": "0.10.31"
      }
    },
    "safe-buffer": {
      "version": "5.1.1",
      "resolved": "https://registry.npmjs.org/safe-buffer/-/safe-buffer-5.1.1.tgz",
      "integrity": "sha512-kKvNJn6Mm93gAczWVJg7wH+wGYWNrDHdWvpUmHyEsgCtIwwo3bqPtV4tR5tuPaUhTOo/kvhVwd8XwwOllGYkbg=="
    },
    "string_decoder": {
      "version": "0.10.31",
      "resolved": "https://registry.npmjs.org/string_decoder/-/string_decoder-0.10.31.tgz",
      "integrity": "sha1-YuIDvEF2bGwoyfyEMB2rHFMQ+pQ="
    },
    "underscore": {
      "version": "1.4.4",
      "resolved": "https://registry.npmjs.org/underscore/-/underscore-1.4.4.tgz",
      "integrity": "sha1-YaajIBBiKvoHljvzJSA88SI51gQ="
    },
    "util-deprecate": {
      "version": "1.0.2",
      "resolved": "https://registry.npmjs.org/util-deprecate/-/util-deprecate-1.0.2.tgz",
      "integrity": "sha1-RQ1Nyfpw3nMnYvvS1KKJgUGaDM8="
    },
    "utility": {
      "version": "0.1.16",
      "resolved": "https://registry.npmjs.org/utility/-/utility-0.1.16.tgz",
      "integrity": "sha1-13KIDKrYp9JupuI6x57ExYfIm6A=",
      "requires": {
        "address": "0.0.3"
      }
    },
    "zookeeper-watcher": {
      "version": "0.2.3",
      "resolved": "https://registry.npmjs.org/zookeeper-watcher/-/zookeeper-watcher-0.2.3.tgz",
      "integrity": "sha1-gpxAUYnTLRPFWgpJ8j0yZXTw6kk=",
      "requires": {
        "debug": "1.0.5",
        "node-zookeeper-client": "0.2.0"
      }
    }
  }
}
